// !$*UTF8*$!
{
	archiveVersion = 1;
	classes = {
	};
	objectVersion = 77;
	objects = {

/* Begin PBXBuildFile section */
		0020B0992F7608BB009E23CE /* PulsrWidgetExtension.appex in Embed Foundation Extensions */ = {isa = PBXBuildFile; fileRef = AA0000012F730400009B9F57 /* PulsrWidgetExtension.appex */; settings = {ATTRIBUTES = (RemoveHeadersOnCopy, ); }; };
		004371002F883A0F00FA9368 /* .gitignore in Resources */ = {isa = PBXBuildFile; fileRef = 004370FF2F883A0F00FA9368 /* .gitignore */; };
		004371022F883A1000FA9368 /* README.md in Resources */ = {isa = PBXBuildFile; fileRef = 004371012F883A1000FA9368 /* README.md */; };
/* End PBXBuildFile section */

/* Begin PBXContainerItemProxy section */
		0020B09A2F7608BB009E23CE /* PBXContainerItemProxy */ = {
			isa = PBXContainerItemProxy;
			containerPortal = 00DBAF3F2F7302FB009B9F57 /* Project object */;
			proxyType = 1;
			remoteGlobalIDString = AA0000062F730400009B9F57;
			remoteInfo = PulsrWidgetExtension;
		};
		00DBAF592F7302FD009B9F57 /* PBXContainerItemProxy */ = {
			isa = PBXContainerItemProxy;
			containerPortal = 00DBAF3F2F7302FB009B9F57 /* Project object */;
			proxyType = 1;
			remoteGlobalIDString = 00DBAF462F7302FB009B9F57;
			remoteInfo = Pulsr;
		};
		00DBAF632F7302FD009B9F57 /* PBXContainerItemProxy */ = {
			isa = PBXContainerItemProxy;
			containerPortal = 00DBAF3F2F7302FB009B9F57 /* Project object */;
			proxyType = 1;
			remoteGlobalIDString = 00DBAF462F7302FB009B9F57;
			remoteInfo = Pulsr;
		};
		AA00000C2F730400009B9F57 /* PBXContainerItemProxy */ = {
			isa = PBXContainerItemProxy;
			containerPortal = 00DBAF3F2F7302FB009B9F57 /* Project object */;
			proxyType = 1;
			remoteGlobalIDString = AA0000062F730400009B9F57;
			remoteInfo = PulsrWidgetExtension;
		};
/* End PBXContainerItemProxy section */

/* Begin PBXCopyFilesBuildPhase section */
		AA00000A2F730400009B9F57 /* Embed Foundation Extensions */ = {
			isa = PBXCopyFilesBuildPhase;
			buildActionMask = 2147483647;
			dstPath = "";
			dstSubfolderSpec = 13;
			files = (
				0020B0992F7608BB009E23CE /* PulsrWidgetExtension.appex in Embed Foundation Extensions */,
			);
			name = "Embed Foundation Extensions";
			runOnlyForDeploymentPostprocessing = 0;
		};
/* End PBXCopyFilesBuildPhase section */

/* Begin PBXFileReference section */
		004370FF2F883A0F00FA9368 /* .gitignore */ = {isa = PBXFileReference; lastKnownFileType = text; path = .gitignore; sourceTree = "<group>"; };
		004371012F883A1000FA9368 /* README.md */ = {isa = PBXFileReference; lastKnownFileType = net.daringfireball.markdown; path = README.md; sourceTree = "<group>"; };
		00DBAF472F7302FB009B9F57 /* Pulsr.app */ = {isa = PBXFileReference; explicitFileType = wrapper.application; includeInIndex = 0; name = Pulsr.app; path = Habitra.app; sourceTree = BUILT_PRODUCTS_DIR; };
		00DBAF582F7302FD009B9F57 /* PulsrTests.xctest */ = {isa = PBXFileReference; explicitFileType = wrapper.cfbundle; includeInIndex = 0; path = PulsrTests.xctest; sourceTree = BUILT_PRODUCTS_DIR; };
		00DBAF622F7302FD009B9F57 /* PulsrUITests.xctest */ = {isa = PBXFileReference; explicitFileType = wrapper.cfbundle; includeInIndex = 0; path = PulsrUITests.xctest; sourceTree = BUILT_PRODUCTS_DIR; };
		AA0000012F730400009B9F57 /* PulsrWidgetExtension.appex */ = {isa = PBXFileReference; explicitFileType = "wrapper.app-extension"; includeInIndex = 0; name = PulsrWidgetExtension.appex; path = HabitraWidgetExtension.appex; sourceTree = BUILT_PRODUCTS_DIR; };
/* End PBXFileReference section */

/* Begin PBXFileSystemSynchronizedRootGroup section */
		00DBAF492F7302FB009B9F57 /* Pulsr */ = {
			isa = PBXFileSystemSynchronizedRootGroup;
			path = Pulsr;
			sourceTree = "<group>";
		};
		00DBAF5B2F7302FD009B9F57 /* PulsrTests */ = {
			isa = PBXFileSystemSynchronizedRootGroup;
			path = PulsrTests;
			sourceTree = "<group>";
		};
		00DBAF652F7302FD009B9F57 /* PulsrUITests */ = {
			isa = PBXFileSystemSynchronizedRootGroup;
			path = PulsrUITests;
			sourceTree = "<group>";
		};
		AA0000022F730400009B9F57 /* PulsrWidget */ = {
			isa = PBXFileSystemSynchronizedRootGroup;
			path = PulsrWidget;
			sourceTree = "<group>";
		};
/* End PBXFileSystemSynchronizedRootGroup section */

/* Begin PBXFrameworksBuildPhase section */
		00DBAF442F7302FB009B9F57 /* Frameworks */ = {
			isa = PBXFrameworksBuildPhase;
			buildActionMask = 2147483647;
			files = (
			);
			runOnlyForDeploymentPostprocessing = 0;
		};
		00DBAF552F7302FD009B9F57 /* Frameworks */ = {
			isa = PBXFrameworksBuildPhase;
			buildActionMask = 2147483647;
			files = (
			);
			runOnlyForDeploymentPostprocessing = 0;
		};
		00DBAF5F2F7302FD009B9F57 /* Frameworks */ = {
			isa = PBXFrameworksBuildPhase;
			buildActionMask = 2147483647;
			files = (
			);
			runOnlyForDeploymentPostprocessing = 0;
		};
		AA0000042F730400009B9F57 /* Frameworks */ = {
			isa = PBXFrameworksBuildPhase;
			buildActionMask = 2147483647;
			files = (
			);
			runOnlyForDeploymentPostprocessing = 0;
		};
/* End PBXFrameworksBuildPhase section */

/* Begin PBXGroup section */
		0020B0982F7608BB009E23CE /* Frameworks */ = {
			isa = PBXGroup;
			children = (
			);
			name = Frameworks;
			sourceTree = "<group>";
		};
		00DBAF3E2F7302FB009B9F57 = {
			isa = PBXGroup;
			children = (
				00DBAF492F7302FB009B9F57 /* Pulsr */,
				AA0000022F730400009B9F57 /* PulsrWidget */,
				00DBAF5B2F7302FD009B9F57 /* PulsrTests */,
				00DBAF652F7302FD009B9F57 /* PulsrUITests */,
				0020B0982F7608BB009E23CE /* Frameworks */,
				00DBAF482F7302FB009B9F57 /* Products */,
				004370FF2F883A0F00FA9368 /* .gitignore */,
				004371012F883A1000FA9368 /* README.md */,
			);
			sourceTree = "<group>";
		};
		00DBAF482F7302FB009B9F57 /* Products */ = {
			isa = PBXGroup;
			children = (
				00DBAF472F7302FB009B9F57 /* Pulsr.app */,
				AA0000012F730400009B9F57 /* PulsrWidgetExtension.appex */,
				00DBAF582F7302FD009B9F57 /* PulsrTests.xctest */,
				00DBAF622F7302FD009B9F57 /* PulsrUITests.xctest */,
			);
			name = Products;
			sourceTree = "<group>";
		};
/* End PBXGroup section */

/* Begin PBXNativeTarget section */
		00DBAF462F7302FB009B9F57 /* Pulsr */ = {
			isa = PBXNativeTarget;
			buildConfigurationList = 00DBAF6B2F7302FD009B9F57 /* Build configuration list for PBXNativeTarget "Pulsr" */;
			buildPhases = (
				00E85DF32F7DA13200536DC5 /* ShellScript */,
				00DBAF432F7302FB009B9F57 /* Sources */,
				00DBAF442F7302FB009B9F57 /* Frameworks */,
				00DBAF452F7302FB009B9F57 /* Resources */,
				AA00000A2F730400009B9F57 /* Embed Foundation Extensions */,
			);
			buildRules = (
			);
			dependencies = (
				AA00000B2F730400009B9F57 /* PBXTargetDependency */,
				0020B09B2F7608BB009E23CE /* PBXTargetDependency */,
			);
			fileSystemSynchronizedGroups = (
				00DBAF492F7302FB009B9F57 /* Pulsr */,
			);
			name = Pulsr;
			packageProductDependencies = (
			);
			productName = Pulsr;
			productReference = 00DBAF472F7302FB009B9F57 /* Pulsr.app */;
			productType = "com.apple.product-type.application";
		};
		00DBAF572F7302FD009B9F57 /* PulsrTests */ = {
			isa = PBXNativeTarget;
			buildConfigurationList = 00DBAF702F7302FD009B9F57 /* Build configuration list for PBXNativeTarget "PulsrTests" */;
			buildPhases = (
				00DBAF542F7302FD009B9F57 /* Sources */,
				00DBAF552F7302FD009B9F57 /* Frameworks */,
				00DBAF562F7302FD009B9F57 /* Resources */,
			);
			buildRules = (
			);
			dependencies = (
				00DBAF5A2F7302FD009B9F57 /* PBXTargetDependency */,
			);
			fileSystemSynchronizedGroups = (
				00DBAF5B2F7302FD009B9F57 /* PulsrTests */,
			);
			name = PulsrTests;
			packageProductDependencies = (
			);
			productName = PulsrTests;
			productReference = 00DBAF582F7302FD009B9F57 /* PulsrTests.xctest */;
			productType = "com.apple.product-type.bundle.unit-test";
		};
		00DBAF612F7302FD009B9F57 /* PulsrUITests */ = {
			isa = PBXNativeTarget;
			buildConfigurationList = 00DBAF732F7302FD009B9F57 /* Build configuration list for PBXNativeTarget "PulsrUITests" */;
			buildPhases = (
				00DBAF5E2F7302FD009B9F57 /* Sources */,
				00DBAF5F2F7302FD009B9F57 /* Frameworks */,
				00DBAF602F7302FD009B9F57 /* Resources */,
			);
			buildRules = (
			);
			dependencies = (
				00DBAF642F7302FD009B9F57 /* PBXTargetDependency */,
			);
			fileSystemSynchronizedGroups = (
				00DBAF652F7302FD009B9F57 /* PulsrUITests */,
			);
			name = PulsrUITests;
			packageProductDependencies = (
			);
			productName = PulsrUITests;
			productReference = 00DBAF622F7302FD009B9F57 /* PulsrUITests.xctest */;
			productType = "com.apple.product-type.bundle.ui-testing";
		};
		AA0000062F730400009B9F57 /* PulsrWidgetExtension */ = {
			isa = PBXNativeTarget;
			buildConfigurationList = AA0000092F730400009B9F57 /* Build configuration list for PBXNativeTarget "PulsrWidgetExtension" */;
			buildPhases = (
				AA0000032F730400009B9F57 /* Sources */,
				AA0000042F730400009B9F57 /* Frameworks */,
				AA0000052F730400009B9F57 /* Resources */,
			);
			buildRules = (
			);
			dependencies = (
			);
			fileSystemSynchronizedGroups = (
				AA0000022F730400009B9F57 /* PulsrWidget */,
			);
			name = PulsrWidgetExtension;
			packageProductDependencies = (
			);
			productName = PulsrWidgetExtension;
			productReference = AA0000012F730400009B9F57 /* PulsrWidgetExtension.appex */;
			productType = "com.apple.product-type.app-extension";
		};
/* End PBXNativeTarget section */

/* Begin PBXProject section */
		00DBAF3F2F7302FB009B9F57 /* Project object */ = {
			isa = PBXProject;
			attributes = {
				BuildIndependentTargetsInParallel = 1;
				LastSwiftUpdateCheck = 2620;
				LastUpgradeCheck = 2620;
				TargetAttributes = {
					00DBAF462F7302FB009B9F57 = {
						CreatedOnToolsVersion = 26.2;
					};
					00DBAF572F7302FD009B9F57 = {
						CreatedOnToolsVersion = 26.2;
						TestTargetID = 00DBAF462F7302FB009B9F57;
					};
					00DBAF612F7302FD009B9F57 = {
						CreatedOnToolsVersion = 26.2;
						TestTargetID = 00DBAF462F7302FB009B9F57;
					};
					AA0000062F730400009B9F57 = {
						CreatedOnToolsVersion = 26.2;
					};
				};
			};
			buildConfigurationList = 00DBAF422F7302FB009B9F57 /* Build configuration list for PBXProject "Pulsr" */;
			developmentRegion = en;
			hasScannedForEncodings = 0;
			knownRegions = (
				en,
				Base,
			);
			mainGroup = 00DBAF3E2F7302FB009B9F57;
			minimizedProjectReferenceProxies = 1;
			preferredProjectObjectVersion = 77;
			productRefGroup = 00DBAF482F7302FB009B9F57 /* Products */;
			projectDirPath = "";
			projectRoot = "";
			targets = (
				00DBAF462F7302FB009B9F57 /* Pulsr */,
				AA0000062F730400009B9F57 /* PulsrWidgetExtension */,
				00DBAF572F7302FD009B9F57 /* PulsrTests */,
				00DBAF612F7302FD009B9F57 /* PulsrUITests */,
			);
		};
/* End PBXProject section */

/* Begin PBXResourcesBuildPhase section */
		00DBAF452F7302FB009B9F57 /* Resources */ = {
			isa = PBXResourcesBuildPhase;
			buildActionMask = 2147483647;
			files = (
				004371002F883A0F00FA9368 /* .gitignore in Resources */,
				004371022F883A1000FA9368 /* README.md in Resources */,
			);
			runOnlyForDeploymentPostprocessing = 0;
		};
		00DBAF562F7302FD009B9F57 /* Resources */ = {
			isa = PBXResourcesBuildPhase;
			buildActionMask = 2147483647;
			files = (
			);
			runOnlyForDeploymentPostprocessing = 0;
		};
		00DBAF602F7302FD009B9F57 /* Resources */ = {
			isa = PBXResourcesBuildPhase;
			buildActionMask = 2147483647;
			files = (
			);
			runOnlyForDeploymentPostprocessing = 0;
		};
		AA0000052F730400009B9F57 /* Resources */ = {
			isa = PBXResourcesBuildPhase;
			buildActionMask = 2147483647;
			files = (
			);
			runOnlyForDeploymentPostprocessing = 0;
		};
/* End PBXResourcesBuildPhase section */

/* Begin PBXShellScriptBuildPhase section */
		00E85DF32F7DA13200536DC5 /* ShellScript */ = {
			isa = PBXShellScriptBuildPhase;
			buildActionMask = 2147483647;
			files = (
			);
			inputFileListPaths = (
			);
			inputPaths = (
			);
			outputFileListPaths = (
			);
			outputPaths = (
			);
			runOnlyForDeploymentPostprocessing = 0;
			shellPath = /bin/sh;
			shellScript = "# Increment build number using UserDefaults\nCOUNTER_FILE=\"${SRCROOT}/.buildcounter\"\n\nif [ ! -f \"$COUNTER_FILE\" ]; then\n    echo \"1\" > \"$COUNTER_FILE\"\nelse\n    CURRENT=$(cat \"$COUNTER_FILE\")\n    echo $((CURRENT + 1)) > \"$COUNTER_FILE\"\nfi\n\nBUILD_NUMBER=$(cat \"$COUNTER_FILE\")\necho \"Build #$BUILD_NUMBER\"\n\n";
		};
/* End PBXShellScriptBuildPhase section */

/* Begin PBXSourcesBuildPhase section */
		00DBAF432F7302FB009B9F57 /* Sources */ = {
			isa = PBXSourcesBuildPhase;
			buildActionMask = 2147483647;
			files = (
			);
			runOnlyForDeploymentPostprocessing = 0;
		};
		00DBAF542F7302FD009B9F57 /* Sources */ = {
			isa = PBXSourcesBuildPhase;
			buildActionMask = 2147483647;
			files = (
			);
			runOnlyForDeploymentPostprocessing = 0;
		};
		00DBAF5E2F7302FD009B9F57 /* Sources */ = {
			isa = PBXSourcesBuildPhase;
			buildActionMask = 2147483647;
			files = (
			);
			runOnlyForDeploymentPostprocessing = 0;
		};
		AA0000032F730400009B9F57 /* Sources */ = {
			isa = PBXSourcesBuildPhase;
			buildActionMask = 2147483647;
			files = (
			);
			runOnlyForDeploymentPostprocessing = 0;
		};
/* End PBXSourcesBuildPhase section */

/* Begin PBXTargetDependency section */
		0020B09B2F7608BB009E23CE /* PBXTargetDependency */ = {
			isa = PBXTargetDependency;
			target = AA0000062F730400009B9F57 /* PulsrWidgetExtension */;
			targetProxy = 0020B09A2F7608BB009E23CE /* PBXContainerItemProxy */;
		};
		00DBAF5A2F7302FD009B9F57 /* PBXTargetDependency */ = {
			isa = PBXTargetDependency;
			target = 00DBAF462F7302FB009B9F57 /* Pulsr */;
			targetProxy = 00DBAF592F7302FD009B9F57 /* PBXContainerItemProxy */;
		};
		00DBAF642F7302FD009B9F57 /* PBXTargetDependency */ = {
			isa = PBXTargetDependency;
			target = 00DBAF462F7302FB009B9F57 /* Pulsr */;
			targetProxy = 00DBAF632F7302FD009B9F57 /* PBXContainerItemProxy */;
		};
		AA00000B2F730400009B9F57 /* PBXTargetDependency */ = {
			isa = PBXTargetDependency;
			target = AA0000062F730400009B9F57 /* PulsrWidgetExtension */;
			targetProxy = AA00000C2F730400009B9F57 /* PBXContainerItemProxy */;
		};
/* End PBXTargetDependency section */

/* Begin XCBuildConfiguration section */
		00DBAF6C2F7302FD009B9F57 /* Debug */ = {
			isa = XCBuildConfiguration;
			buildSettings = {
				ASSETCATALOG_COMPILER_APPICON_NAME = AppIcon;
				ASSETCATALOG_COMPILER_GLOBAL_ACCENT_COLOR_NAME = AccentColor;
				CODE_SIGN_ENTITLEMENTS = Pulsr/Pulsr.entitlements;
				CODE_SIGN_STYLE = Automatic;
				CURRENT_PROJECT_VERSION = 1;
				DEVELOPMENT_TEAM = 7KAFH2URQL;
				ENABLE_APP_SANDBOX = YES;
				ENABLE_HARDENED_RUNTIME = YES;
				ENABLE_PREVIEWS = YES;
				ENABLE_USER_SELECTED_FILES = readonly;
				GENERATE_INFOPLIST_FILE = YES;
				INFOPLIST_FILE = "Pulsr-Info.plist";
				IPHONEOS_DEPLOYMENT_TARGET = 26.2;
				LD_RUNPATH_SEARCH_PATHS = "@executable_path/Frameworks";
				"LD_RUNPATH_SEARCH_PATHS[sdk=macosx*]" = "@executable_path/../Frameworks";
				MACOSX_DEPLOYMENT_TARGET = 26.2;
				MARKETING_VERSION = 1.0;
				NEW_SETTING = "";
				PRODUCT_BUNDLE_IDENTIFIER = com.jeanese.habitra;
				PRODUCT_NAME = Habitra;
				REGISTER_APP_GROUPS = YES;
				SDKROOT = auto;
				STRING_CATALOG_GENERATE_SYMBOLS = YES;
				SUPPORTED_PLATFORMS = "iphoneos iphonesimulator macosx xros xrsimulator";
				SWIFT_APPROACHABLE_CONCURRENCY = YES;
				SWIFT_DEFAULT_ACTOR_ISOLATION = MainActor;
				SWIFT_EMIT_LOC_STRINGS = YES;
				SWIFT_UPCOMING_FEATURE_MEMBER_IMPORT_VISIBILITY = YES;
				SWIFT_VERSION = 5.0;
				TARGETED_DEVICE_FAMILY = "1,2,7";
				XROS_DEPLOYMENT_TARGET = 26.2;
			};
			name = Debug;
		};
		00DBAF6D2F7302FD009B9F57 /* Release */ = {
			isa = XCBuildConfiguration;
			buildSettings = {
				ASSETCATALOG_COMPILER_APPICON_NAME = AppIcon;
				ASSETCATALOG_COMPILER_GLOBAL_ACCENT_COLOR_NAME = AccentColor;
				CODE_SIGN_ENTITLEMENTS = Pulsr/Pulsr.entitlements;
				CODE_SIGN_STYLE = Automatic;
				CURRENT_PROJECT_VERSION = 1;
				DEVELOPMENT_TEAM = 7KAFH2URQL;
				ENABLE_APP_SANDBOX = YES;
				ENABLE_HARDENED_RUNTIME = YES;
				ENABLE_PREVIEWS = YES;
				ENABLE_USER_SELECTED_FILES = readonly;
				GENERATE_INFOPLIST_FILE = YES;
				INFOPLIST_FILE = "Pulsr-Info.plist";
				IPHONEOS_DEPLOYMENT_TARGET = 26.2;
				LD_RUNPATH_SEARCH_PATHS = "@executable_path/Frameworks";
				"LD_RUNPATH_SEARCH_PATHS[sdk=macosx*]" = "@executable_path/../Frameworks";
				MACOSX_DEPLOYMENT_TARGET = 26.2;
				MARKETING_VERSION = 1.0;
				NEW_SETTING = "";
				PRODUCT_BUNDLE_IDENTIFIER = com.jeanese.habitra;
				PRODUCT_NAME = Habitra;
				REGISTER_APP_GROUPS = YES;
				SDKROOT = auto;
				STRING_CATALOG_GENERATE_SYMBOLS = YES;
				SUPPORTED_PLATFORMS = "iphoneos iphonesimulator macosx xros xrsimulator";
				SWIFT_APPROACHABLE_CONCURRENCY = YES;
				SWIFT_DEFAULT_ACTOR_ISOLATION = MainActor;
				SWIFT_EMIT_LOC_STRINGS = YES;
				SWIFT_UPCOMING_FEATURE_MEMBER_IMPORT_VISIBILITY = YES;
				SWIFT_VERSION = 5.0;
				TARGETED_DEVICE_FAMILY = "1,2,7";
				XROS_DEPLOYMENT_TARGET = 26.2;
			};
			name = Release;
		};
		00DBAF6E2F7302FD009B9F57 /* Debug */ = {
			isa = XCBuildConfiguration;
			buildSettings = {
				ALWAYS_SEARCH_USER_PATHS = NO;
				ASSETCATALOG_COMPILER_GENERATE_SWIFT_ASSET_SYMBOL_EXTENSIONS = YES;
				CLANG_ANALYZER_NONNULL = YES;
				CLANG_ANALYZER_NUMBER_OBJECT_CONVERSION = YES_AGGRESSIVE;
				CLANG_CXX_LANGUAGE_STANDARD = "gnu++20";
				CLANG_ENABLE_MODULES = YES;
				CLANG_ENABLE_OBJC_ARC = YES;
				CLANG_ENABLE_OBJC_WEAK = YES;
				CLANG_WARN_BLOCK_CAPTURE_AUTORELEASING = YES;
				CLANG_WARN_BOOL_CONVERSION = YES;
				CLANG_WARN_COMMA = YES;
				CLANG_WARN_CONSTANT_CONVERSION = YES;
				CLANG_WARN_DEPRECATED_OBJC_IMPLEMENTATIONS = YES;
				CLANG_WARN_DIRECT_OBJC_ISA_USAGE = YES_ERROR;
				CLANG_WARN_DOCUMENTATION_COMMENTS = YES;
				CLANG_WARN_EMPTY_BODY = YES;
				CLANG_WARN_ENUM_CONVERSION = YES;
				CLANG_WARN_INFINITE_RECURSION = YES;
				CLANG_WARN_INT_CONVERSION = YES;
				CLANG_WARN_NON_LITERAL_NULL_CONVERSION = YES;
				CLANG_WARN_OBJC_IMPLICIT_RETAIN_SELF = YES;
				CLANG_WARN_OBJC_LITERAL_CONVERSION = YES;
				CLANG_WARN_OBJC_ROOT_CLASS = YES_ERROR;
				CLANG_WARN_QUOTED_INCLUDE_IN_FRAMEWORK_HEADER = YES;
				CLANG_WARN_RANGE_LOOP_ANALYSIS = YES;
				CLANG_WARN_STRICT_PROTOTYPES = YES;
				CLANG_WARN_SUSPICIOUS_MOVE = YES;
				CLANG_WARN_UNGUARDED_AVAILABILITY = YES_AGGRESSIVE;
				CLANG_WARN_UNREACHABLE_CODE = YES;
				CLANG_WARN__DUPLICATE_METHOD_MATCH = YES;
				COPY_PHASE_STRIP = NO;
				DEBUG_INFORMATION_FORMAT = dwarf;
				DEVELOPMENT_TEAM = 7KAFH2URQL;
				ENABLE_STRICT_OBJC_MSGSEND = YES;
				ENABLE_TESTABILITY = YES;
				ENABLE_USER_SCRIPT_SANDBOXING = YES;
				GCC_C_LANGUAGE_STANDARD = gnu17;
				GCC_DYNAMIC_NO_PIC = NO;
				GCC_NO_COMMON_BLOCKS = YES;
				GCC_OPTIMIZATION_LEVEL = 0;
				GCC_PREPROCESSOR_DEFINITIONS = (
					"DEBUG=1",
					"$(inherited)",
				);
				GCC_WARN_64_TO_32_BIT_CONVERSION = YES;
				GCC_WARN_ABOUT_RETURN_TYPE = YES_ERROR;
				GCC_WARN_UNDECLARED_SELECTOR = YES;
				GCC_WARN_UNINITIALIZED_AUTOS = YES_AGGRESSIVE;
				GCC_WARN_UNUSED_FUNCTION = YES;
				GCC_WARN_UNUSED_VARIABLE = YES;
				LOCALIZATION_PREFERS_STRING_CATALOGS = YES;
				MTL_ENABLE_DEBUG_INFO = INCLUDE_SOURCE;
				MTL_FAST_MATH = YES;
				ONLY_ACTIVE_ARCH = YES;
				SWIFT_ACTIVE_COMPILATION_CONDITIONS = "DEBUG $(inherited)";
				SWIFT_OPTIMIZATION_LEVEL = "-Onone";
			};
			name = Debug;
		};
		00DBAF6F2F7302FD009B9F57 /* Release */ = {
			isa = XCBuildConfiguration;
			buildSettings = {
				ALWAYS_SEARCH_USER_PATHS = NO;
				ASSETCATALOG_COMPILER_GENERATE_SWIFT_ASSET_SYMBOL_EXTENSIONS = YES;
				CLANG_ANALYZER_NONNULL = YES;
				CLANG_ANALYZER_NUMBER_OBJECT_CONVERSION = YES_AGGRESSIVE;
				CLANG_CXX_LANGUAGE_STANDARD = "gnu++20";
				CLANG_ENABLE_MODULES = YES;
				CLANG_ENABLE_OBJC_ARC = YES;
				CLANG_ENABLE_OBJC_WEAK = YES;
				CLANG_WARN_BLOCK_CAPTURE_AUTORELEASING = YES;
				CLANG_WARN_BOOL_CONVERSION = YES;
				CLANG_WARN_COMMA = YES;
				CLANG_WARN_CONSTANT_CONVERSION = YES;
				CLANG_WARN_DEPRECATED_OBJC_IMPLEMENTATIONS = YES;
				CLANG_WARN_DIRECT_OBJC_ISA_USAGE = YES_ERROR;
				CLANG_WARN_DOCUMENTATION_COMMENTS = YES;
				CLANG_WARN_EMPTY_BODY = YES;
				CLANG_WARN_ENUM_CONVERSION = YES;
				CLANG_WARN_INFINITE_RECURSION = YES;
				CLANG_WARN_INT_CONVERSION = YES;
				CLANG_WARN_NON_LITERAL_NULL_CONVERSION = YES;
				CLANG_WARN_OBJC_IMPLICIT_RETAIN_SELF = YES;
				CLANG_WARN_OBJC_LITERAL_CONVERSION = YES;
				CLANG_WARN_OBJC_ROOT_CLASS = YES_ERROR;
				CLANG_WARN_QUOTED_INCLUDE_IN_FRAMEWORK_HEADER = YES;
				CLANG_WARN_RANGE_LOOP_ANALYSIS = YES;
				CLANG_WARN_STRICT_PROTOTYPES = YES;
				CLANG_WARN_SUSPICIOUS_MOVE = YES;
				CLANG_WARN_UNGUARDED_AVAILABILITY = YES_AGGRESSIVE;
				CLANG_WARN_UNREACHABLE_CODE = YES;
				CLANG_WARN__DUPLICATE_METHOD_MATCH = YES;
				COPY_PHASE_STRIP = NO;
				DEBUG_INFORMATION_FORMAT = "dwarf-with-dsym";
				DEVELOPMENT_TEAM = 7KAFH2URQL;
				ENABLE_NS_ASSERTIONS = NO;
				ENABLE_STRICT_OBJC_MSGSEND = YES;
				ENABLE_USER_SCRIPT_SANDBOXING = YES;
				GCC_C_LANGUAGE_STANDARD = gnu17;
				GCC_NO_COMMON_BLOCKS = YES;
				GCC_WARN_64_TO_32_BIT_CONVERSION = YES;
				GCC_WARN_ABOUT_RETURN_TYPE = YES_ERROR;
				GCC_WARN_UNDECLARED_SELECTOR = YES;
				GCC_WARN_UNINITIALIZED_AUTOS = YES_AGGRESSIVE;
				GCC_WARN_UNUSED_FUNCTION = YES;
				GCC_WARN_UNUSED_VARIABLE = YES;
				LOCALIZATION_PREFERS_STRING_CATALOGS = YES;
				MTL_ENABLE_DEBUG_INFO = NO;
				MTL_FAST_MATH = YES;
				SWIFT_COMPILATION_MODE = wholemodule;
			};
			name = Release;
		};
		00DBAF712F7302FD009B9F57 /* Debug */ = {
			isa = XCBuildConfiguration;
			buildSettings = {
				BUNDLE_LOADER = "$(TEST_HOST)";
				CODE_SIGN_STYLE = Automatic;
				CURRENT_PROJECT_VERSION = 1;
				DEVELOPMENT_TEAM = 7KAFH2URQL;
				GENERATE_INFOPLIST_FILE = YES;
				IPHONEOS_DEPLOYMENT_TARGET = 26.2;
				MACOSX_DEPLOYMENT_TARGET = 26.2;
				MARKETING_VERSION = 1.0;
				PRODUCT_BUNDLE_IDENTIFIER = com.jeanese.habitraTests;
				PRODUCT_NAME = "$(TARGET_NAME)";
				SDKROOT = auto;
				STRING_CATALOG_GENERATE_SYMBOLS = NO;
				SUPPORTED_PLATFORMS = "iphoneos iphonesimulator macosx xros xrsimulator";
				SWIFT_APPROACHABLE_CONCURRENCY = YES;
				SWIFT_EMIT_LOC_STRINGS = NO;
				SWIFT_UPCOMING_FEATURE_MEMBER_IMPORT_VISIBILITY = YES;
				SWIFT_VERSION = 5.0;
				TARGETED_DEVICE_FAMILY = "1,2,7";
				TEST_HOST = "$(BUILT_PRODUCTS_DIR)/Habitra.app/$(BUNDLE_EXECUTABLE_FOLDER_PATH)/Habitra";
				XROS_DEPLOYMENT_TARGET = 26.2;
			};
			name = Debug;
		};
		00DBAF722F7302FD009B9F57 /* Release */ = {
			isa = XCBuildConfiguration;
			buildSettings = {
				BUNDLE_LOADER = "$(TEST_HOST)";
				CODE_SIGN_STYLE = Automatic;
				CURRENT_PROJECT_VERSION = 1;
				DEVELOPMENT_TEAM = 7KAFH2URQL;
				GENERATE_INFOPLIST_FILE = YES;
				IPHONEOS_DEPLOYMENT_TARGET = 26.2;
				MACOSX_DEPLOYMENT_TARGET = 26.2;
				MARKETING_VERSION = 1.0;
				PRODUCT_BUNDLE_IDENTIFIER = com.jeanese.habitraTests;
				PRODUCT_NAME = "$(TARGET_NAME)";
				SDKROOT = auto;
				STRING_CATALOG_GENERATE_SYMBOLS = NO;
				SUPPORTED_PLATFORMS = "iphoneos iphonesimulator macosx xros xrsimulator";
				SWIFT_APPROACHABLE_CONCURRENCY = YES;
				SWIFT_EMIT_LOC_STRINGS = NO;
				SWIFT_UPCOMING_FEATURE_MEMBER_IMPORT_VISIBILITY = YES;
				SWIFT_VERSION = 5.0;
				TARGETED_DEVICE_FAMILY = "1,2,7";
				TEST_HOST = "$(BUILT_PRODUCTS_DIR)/Habitra.app/$(BUNDLE_EXECUTABLE_FOLDER_PATH)/Habitra";
				XROS_DEPLOYMENT_TARGET = 26.2;
			};
			name = Release;
		};
		00DBAF742F7302FD009B9F57 /* Debug */ = {
			isa = XCBuildConfiguration;
			buildSettings = {
				CODE_SIGN_STYLE = Automatic;
				CURRENT_PROJECT_VERSION = 1;
				DEVELOPMENT_TEAM = 7KAFH2URQL;
				GENERATE_INFOPLIST_FILE = YES;
				IPHONEOS_DEPLOYMENT_TARGET = 26.2;
				MACOSX_DEPLOYMENT_TARGET = 26.2;
				MARKETING_VERSION = 1.0;
				PRODUCT_BUNDLE_IDENTIFIER = com.jeanese.habitraUITests;
				PRODUCT_NAME = "$(TARGET_NAME)";
				SDKROOT = auto;
				STRING_CATALOG_GENERATE_SYMBOLS = NO;
				SUPPORTED_PLATFORMS = "iphoneos iphonesimulator macosx xros xrsimulator";
				SWIFT_APPROACHABLE_CONCURRENCY = YES;
				SWIFT_EMIT_LOC_STRINGS = NO;
				SWIFT_UPCOMING_FEATURE_MEMBER_IMPORT_VISIBILITY = YES;
				SWIFT_VERSION = 5.0;
				TARGETED_DEVICE_FAMILY = "1,2,7";
				TEST_TARGET_NAME = Pulsr;
				XROS_DEPLOYMENT_TARGET = 26.2;
			};
			name = Debug;
		};
		00DBAF752F7302FD009B9F57 /* Release */ = {
			isa = XCBuildConfiguration;
			buildSettings = {
				CODE_SIGN_STYLE = Automatic;
				CURRENT_PROJECT_VERSION = 1;
				DEVELOPMENT_TEAM = 7KAFH2URQL;
				GENERATE_INFOPLIST_FILE = YES;
				IPHONEOS_DEPLOYMENT_TARGET = 26.2;
				MACOSX_DEPLOYMENT_TARGET = 26.2;
				MARKETING_VERSION = 1.0;
				PRODUCT_BUNDLE_IDENTIFIER = com.jeanese.habitraUITests;
				PRODUCT_NAME = "$(TARGET_NAME)";
				SDKROOT = auto;
				STRING_CATALOG_GENERATE_SYMBOLS = NO;
				SUPPORTED_PLATFORMS = "iphoneos iphonesimulator macosx xros xrsimulator";
				SWIFT_APPROACHABLE_CONCURRENCY = YES;
				SWIFT_EMIT_LOC_STRINGS = NO;
				SWIFT_UPCOMING_FEATURE_MEMBER_IMPORT_VISIBILITY = YES;
				SWIFT_VERSION = 5.0;
				TARGETED_DEVICE_FAMILY = "1,2,7";
				TEST_TARGET_NAME = Pulsr;
				XROS_DEPLOYMENT_TARGET = 26.2;
			};
			name = Release;
		};
		AA0000072F730400009B9F57 /* Debug */ = {
			isa = XCBuildConfiguration;
			buildSettings = {
				CODE_SIGN_ENTITLEMENTS = PulsrWidget/PulsrWidget.entitlements;
				CODE_SIGN_STYLE = Automatic;
				CURRENT_PROJECT_VERSION = 1;
				DEVELOPMENT_TEAM = 7KAFH2URQL;
				GENERATE_INFOPLIST_FILE = YES;
				INFOPLIST_FILE = "PulsrWidget-Info.plist";
				INFOPLIST_KEY_CFBundleDisplayName = HabitraWidget;
				INFOPLIST_KEY_NSHumanReadableCopyright = "";
				INFOPLIST_KEY_NSSupportsLiveActivities = YES;
				IPHONEOS_DEPLOYMENT_TARGET = 26.2;
				LD_RUNPATH_SEARCH_PATHS = (
					"@executable_path/Frameworks",
					"@executable_path/../../Frameworks",
				);
				"LD_RUNPATH_SEARCH_PATHS[sdk=macosx*]" = "@executable_path/../Frameworks";
				MARKETING_VERSION = 1.0;
				PRODUCT_BUNDLE_IDENTIFIER = com.jeanese.habitra.HabitraWidget;
				PRODUCT_NAME = HabitraWidgetExtension;
				SDKROOT = auto;
				SKIP_INSTALL = YES;
				SUPPORTED_PLATFORMS = "iphoneos iphonesimulator";
				SWIFT_APPROACHABLE_CONCURRENCY = YES;
				SWIFT_DEFAULT_ACTOR_ISOLATION = MainActor;
				SWIFT_EMIT_LOC_STRINGS = YES;
				SWIFT_UPCOMING_FEATURE_MEMBER_IMPORT_VISIBILITY = YES;
				SWIFT_VERSION = 5.0;
				TARGETED_DEVICE_FAMILY = "1,2";
			};
			name = Debug;
		};
		AA0000082F730400009B9F57 /* Release */ = {
			isa = XCBuildConfiguration;
			buildSettings = {
				CODE_SIGN_ENTITLEMENTS = PulsrWidget/PulsrWidget.entitlements;
				CODE_SIGN_STYLE = Automatic;
				CURRENT_PROJECT_VERSION = 1;
				DEVELOPMENT_TEAM = 7KAFH2URQL;
				GENERATE_INFOPLIST_FILE = YES;
				INFOPLIST_FILE = "PulsrWidget-Info.plist";
				INFOPLIST_KEY_CFBundleDisplayName = HabitraWidget;
				INFOPLIST_KEY_NSHumanReadableCopyright = "";
				INFOPLIST_KEY_NSSupportsLiveActivities = YES;
				IPHONEOS_DEPLOYMENT_TARGET = 26.2;
				LD_RUNPATH_SEARCH_PATHS = (
					"@executable_path/Frameworks",
					"@executable_path/../../Frameworks",
				);
				"LD_RUNPATH_SEARCH_PATHS[sdk=macosx*]" = "@executable_path/../Frameworks";
				MARKETING_VERSION = 1.0;
				PRODUCT_BUNDLE_IDENTIFIER = com.jeanese.habitra.HabitraWidget;
				PRODUCT_NAME = HabitraWidgetExtension;
				SDKROOT = auto;
				SKIP_INSTALL = YES;
				SUPPORTED_PLATFORMS = "iphoneos iphonesimulator";
				SWIFT_APPROACHABLE_CONCURRENCY = YES;
				SWIFT_DEFAULT_ACTOR_ISOLATION = MainActor;
				SWIFT_EMIT_LOC_STRINGS = YES;
				SWIFT_UPCOMING_FEATURE_MEMBER_IMPORT_VISIBILITY = YES;
				SWIFT_VERSION = 5.0;
				TARGETED_DEVICE_FAMILY = "1,2";
			};
			name = Release;
		};
/* End XCBuildConfiguration section */

/* Begin XCConfigurationList section */
		00DBAF422F7302FB009B9F57 /* Build configuration list for PBXProject "Pulsr" */ = {
			isa = XCConfigurationList;
			buildConfigurations = (
				00DBAF6E2F7302FD009B9F57 /* Debug */,
				00DBAF6F2F7302FD009B9F57 /* Release */,
			);
			defaultConfigurationIsVisible = 0;
			defaultConfigurationName = Release;
		};
		00DBAF6B2F7302FD009B9F57 /* Build configuration list for PBXNativeTarget "Pulsr" */ = {
			isa = XCConfigurationList;
			buildConfigurations = (
				00DBAF6C2F7302FD009B9F57 /* Debug */,
				00DBAF6D2F7302FD009B9F57 /* Release */,
			);
			defaultConfigurationIsVisible = 0;
			defaultConfigurationName = Release;
		};
		00DBAF702F7302FD009B9F57 /* Build configuration list for PBXNativeTarget "PulsrTests" */ = {
			isa = XCConfigurationList;
			buildConfigurations = (
				00DBAF712F7302FD009B9F57 /* Debug */,
				00DBAF722F7302FD009B9F57 /* Release */,
			);
			defaultConfigurationIsVisible = 0;
			defaultConfigurationName = Release;
		};
		00DBAF732F7302FD009B9F57 /* Build configuration list for PBXNativeTarget "PulsrUITests" */ = {
			isa = XCConfigurationList;
			buildConfigurations = (
				00DBAF742F7302FD009B9F57 /* Debug */,
				00DBAF752F7302FD009B9F57 /* Release */,
			);
			defaultConfigurationIsVisible = 0;
			defaultConfigurationName = Release;
		};
		AA0000092F730400009B9F57 /* Build configuration list for PBXNativeTarget "PulsrWidgetExtension" */ = {
			isa = XCConfigurationList;
			buildConfigurations = (
				AA0000072F730400009B9F57 /* Debug */,
				AA0000082F730400009B9F57 /* Release */,
			);
			defaultConfigurationIsVisible = 0;
			defaultConfigurationName = Release;
		};
/* End XCConfigurationList section */
	};
	rootObject = 00DBAF3F2F7302FB009B9F57 /* Project object */;
}
